AREAL_DATASET=inclusionAI/AReaL-tau2-data
AREAL_REVISION=86971dc03da6e7c1a7933295e05b84aab8215386
TAU2_BENCH_TAG=v1.0.1
TAU2_BENCH_COMMIT=fc0055dc4e0a316c3f83133267fbd6faaa770992
VERL_TAG=v0.7.1
VERL_COMMIT=bec9ef74768dd201881cd4e54cd0385e87caae27
REFERENCE_REPO_COMMIT=2004fcbc747b9b282bc0a8ce0c006683c7c42751
TORCH_VERSION=2.8
CUDA_VERSION=12.8
VLLM_VERSION=0.10.2
TRANSFORMERS_VERSION=4.56.1
# Separate candidate profile; does not replace the validated legacy pins above.
QWEN35_TORCH_VERSION=2.11.0
QWEN35_VLLM_VERSION=0.20.0
QWEN35_TRANSFORMERS_VERSION=5.5.1
QWEN35_PEFT_VERSION=0.18.1
QWEN35_ACCELERATE_VERSION=1.12.0
QWEN35_NUMPY_VERSION=2.2.6
QWEN35_SCIPY_VERSION=1.14.1
QWEN35_MODEL_REVISIONS=configs/models/qwen35.json
QWEN35_GPU_VALIDATED=false
